<?xml version="1.0" encoding="utf-8"?>
<Project ToolsVersion="4.0" xmlns="http://schemas.microsoft.com/developer/msbuild/2003">
  <ItemGroup>
    <Filter Include="소스 파일">
      <UniqueIdentifier>{4FC737F1-C7A5-4376-A066-2A32D752A2FF}</UniqueIdentifier>
      <Extensions>cpp;c;cc;cxx;c++;cppm;ixx;def;odl;idl;hpj;bat;asm;asmx</Extensions>
    </Filter>
    <Filter Include="리소스 파일">
      <UniqueIdentifier>{67DA6AB6-F800-4c08-8B7A-83BB121AAD01}</UniqueIdentifier>
      <Extensions>rc;ico;cur;bmp;dlg;rc2;rct;bin;rgs;gif;jpg;jpeg;jpe;resx;tiff;tif;png;wav;mfcribbon-ms</Extensions>
    </Filter>
    <Filter Include="gameNode">
      <UniqueIdentifier>{2a0be0e6-62fd-43de-a606-55b511847593}</UniqueIdentifier>
    </Filter>
    <Filter Include="singleton">
      <UniqueIdentifier>{87bf2d5b-3654-459b-adb0-5178817b9f2f}</UniqueIdentifier>
    </Filter>
    <Filter Include="mainGame">
      <UniqueIdentifier>{f28c5d41-82f0-4ccf-9c33-7c155409d006}</UniqueIdentifier>
    </Filter>
    <Filter Include="Manager">
      <UniqueIdentifier>{77fc1430-c839-4247-ae8d-f85644be1aa7}</UniqueIdentifier>
    </Filter>
    <Filter Include="UTIL">
      <UniqueIdentifier>{693a5e0e-cac8-4d85-bbd8-7c6f50294b06}</UniqueIdentifier>
    </Filter>
    <Filter Include="image">
      <UniqueIdentifier>{f246c95e-8530-4564-a361-9e48ca56eb83}</UniqueIdentifier>
    </Filter>
    <Filter Include="mainGame\맵">
      <UniqueIdentifier>{41007116-0069-4fd8-8d25-70bb59f2a234}</UniqueIdentifier>
    </Filter>
    <Filter Include="mainGame\충돌">
      <UniqueIdentifier>{9a3957ce-322d-4b70-9e6d-51e15a2af3cc}</UniqueIdentifier>
    </Filter>
    <Filter Include="mainGame\플레이어">
      <UniqueIdentifier>{f849a7b5-2028-4b61-b9a7-a24665f2b655}</UniqueIdentifier>
    </Filter>
    <Filter Include="헤더 파일">
      <UniqueIdentifier>{93995380-89BD-4b04-88EB-625FBE52EBFB}</UniqueIdentifier>
      <Extensions>h;hh;hpp;hxx;h++;hm;inl;inc;ipp;xsd</Extensions>
    </Filter>
    <Filter Include="아이템">
      <UniqueIdentifier>{23930b48-d61d-46d0-8f9f-fc9c4834bc2f}</UniqueIdentifier>
    </Filter>
  </ItemGroup>
  <ItemGroup>
    <ClInclude Include="framework.h">
      <Filter>헤더 파일</Filter>
    </ClInclude>
    <ClInclude Include="targetver.h">
      <Filter>헤더 파일</Filter>
    </ClInclude>
    <ClInclude Include="Resource.h">
      <Filter>헤더 파일</Filter>
    </ClInclude>
    <ClInclude Include="API_FrameWork.h">
      <Filter>헤더 파일</Filter>
    </ClInclude>
    <ClInclude Include="commonMacroFunction.h">
      <Filter>헤더 파일</Filter>
    </ClInclude>
    <ClInclude Include="singleton.h">
      <Filter>singleton</Filter>
    </ClInclude>
    <ClInclude Include="gameNode.h">
      <Filter>gameNode</Filter>
    </ClInclude>
    <ClInclude Include="mainGame.h">
      <Filter>mainGame</Filter>
    </ClInclude>
    <ClInclude Include="Input.h">
      <Filter>Manager</Filter>
    </ClInclude>
    <ClInclude Include="randomFunction.h">
      <Filter>헤더 파일</Filter>
    </ClInclude>
    <ClInclude Include="utils.h">
      <Filter>UTIL</Filter>
    </ClInclude>
    <ClInclude Include="image.h">
      <Filter>image</Filter>
    </ClInclude>
    <ClInclude Include="imageManager.h">
      <Filter>Manager</Filter>
    </ClInclude>
    <ClInclude Include="CMap.h">
      <Filter>mainGame\맵</Filter>
    </ClInclude>
    <ClInclude Include="CPlayer.h">
      <Filter>mainGame\플레이어</Filter>
    </ClInclude>
    <ClInclude Include="CCollision.h">
      <Filter>mainGame\충돌</Filter>
    </ClInclude>
    <ClInclude Include="CItem.h">
      <Filter>아이템</Filter>
    </ClInclude>
  </ItemGroup>
  <ItemGroup>
    <ClCompile Include="API_FrameWork.cpp">
      <Filter>소스 파일</Filter>
    </ClCompile>
    <ClCompile Include="gameNode.cpp">
      <Filter>gameNode</Filter>
    </ClCompile>
    <ClCompile Include="Input.cpp">
      <Filter>Manager</Filter>
    </ClCompile>
    <ClCompile Include="utils.cpp">
      <Filter>UTIL</Filter>
    </ClCompile>
    <ClCompile Include="image.cpp">
      <Filter>image</Filter>
    </ClCompile>
    <ClCompile Include="imageManager.cpp">
      <Filter>Manager</Filter>
    </ClCompile>
    <ClCompile Include="CMap.cpp">
      <Filter>mainGame\맵</Filter>
    </ClCompile>
    <ClCompile Include="CPlayer.cpp">
      <Filter>mainGame\플레이어</Filter>
    </ClCompile>
    <ClCompile Include="CCollision.cpp">
      <Filter>mainGame\충돌</Filter>
    </ClCompile>
    <ClCompile Include="mainGame.cpp">
      <Filter>mainGame</Filter>
    </ClCompile>
    <ClCompile Include="CItem.cpp">
      <Filter>아이템</Filter>
    </ClCompile>
  </ItemGroup>
  <ItemGroup>
    <ResourceCompile Include="API_FrameWork.rc">
      <Filter>리소스 파일</Filter>
    </ResourceCompile>
  </ItemGroup>
  <ItemGroup>
    <Image Include="small.ico">
      <Filter>리소스 파일</Filter>
    </Image>
    <Image Include="API_FrameWork.ico">
      <Filter>리소스 파일</Filter>
    </Image>
  </ItemGroup>
</Project>